
Microsoft Visual Studio Solution File, Format Version 12.00
# Visual Studio 15
VisualStudioVersion = 15.0.27130.2027
MinimumVisualStudioVersion = 10.0.40219.1
Project("{FAE04EC0-301F-11D3-BF4B-00C04F79EFBC}") = "ServerRuntimeCmd", "ServerRuntimeCmd\ServerRuntimeCmd.csproj", "{67651F64-BA9D-4185-8939-C60A483883F0}"
EndProject
Project("{FAE04EC0-301F-11D3-BF4B-00C04F79EFBC}") = "UdpPlugin", "..\..\Dll\UdpPlugin\UdpPlugin\UdpPlugin.csproj", "{0AB8834B-F0DE-4415-9A84-1134B65BDF23}"
EndProject
Project("{FAE04EC0-301F-11D3-BF4B-00C04F79EFBC}") = "ExtendFunc", "..\..\Dll\ExtendFunc\ExtendFunc\ExtendFunc.csproj", "{EBB6EDB7-81AE-4937-B881-73F935C140E4}"
EndProject
Project("{FAE04EC0-301F-11D3-BF4B-00C04F79EFBC}") = "ClientRuntime", "..\..\Dll\ClientRuntime\ClientRuntime\ClientRuntime.csproj", "{30F61B28-095F-496B-BBF3-BF3EE73DB54D}"
EndProject
Global
	GlobalSection(SolutionConfigurationPlatforms) = preSolution
		Debug|Any CPU = Debug|Any CPU
		Release|Any CPU = Release|Any CPU
	EndGlobalSection
	GlobalSection(ProjectConfigurationPlatforms) = postSolution
		{67651F64-BA9D-4185-8939-C60A483883F0}.Debug|Any CPU.ActiveCfg = Debug|Any CPU
		{67651F64-BA9D-4185-8939-C60A483883F0}.Debug|Any CPU.Build.0 = Debug|Any CPU
		{67651F64-BA9D-4185-8939-C60A483883F0}.Release|Any CPU.ActiveCfg = Release|Any CPU
		{67651F64-BA9D-4185-8939-C60A483883F0}.Release|Any CPU.Build.0 = Release|Any CPU
		{0AB8834B-F0DE-4415-9A84-1134B65BDF23}.Debug|Any CPU.ActiveCfg = Debug|Any CPU
		{0AB8834B-F0DE-4415-9A84-1134B65BDF23}.Debug|Any CPU.Build.0 = Debug|Any CPU
		{0AB8834B-F0DE-4415-9A84-1134B65BDF23}.Release|Any CPU.ActiveCfg = Release|Any CPU
		{0AB8834B-F0DE-4415-9A84-1134B65BDF23}.Release|Any CPU.Build.0 = Release|Any CPU
		{EBB6EDB7-81AE-4937-B881-73F935C140E4}.Debug|Any CPU.ActiveCfg = Debug|Any CPU
		{EBB6EDB7-81AE-4937-B881-73F935C140E4}.Debug|Any CPU.Build.0 = Debug|Any CPU
		{EBB6EDB7-81AE-4937-B881-73F935C140E4}.Release|Any CPU.ActiveCfg = Release|Any CPU
		{EBB6EDB7-81AE-4937-B881-73F935C140E4}.Release|Any CPU.Build.0 = Release|Any CPU
		{30F61B28-095F-496B-BBF3-BF3EE73DB54D}.Debug|Any CPU.ActiveCfg = Debug|Any CPU
		{30F61B28-095F-496B-BBF3-BF3EE73DB54D}.Debug|Any CPU.Build.0 = Debug|Any CPU
		{30F61B28-095F-496B-BBF3-BF3EE73DB54D}.Release|Any CPU.ActiveCfg = Release|Any CPU
		{30F61B28-095F-496B-BBF3-BF3EE73DB54D}.Release|Any CPU.Build.0 = Release|Any CPU
	EndGlobalSection
	GlobalSection(SolutionProperties) = preSolution
		HideSolutionNode = FALSE
	EndGlobalSection
	GlobalSection(ExtensibilityGlobals) = postSolution
		SolutionGuid = {ACA2DE8E-AB5D-4E2A-9F2A-61644057A1A7}
	EndGlobalSection
EndGlobal
